{
  "name": "team-digidames-frontend",
  "lockfileVersion": 2,
  "requires": true,
  "packages": {
    "": {
      "dependencies": {
        "email-js": "^2.0.2"
      }
    },
    "node_modules/email-js": {
      "version": "2.0.2",
      "resolved": "https://registry.npmjs.org/email-js/-/email-js-2.0.2.tgz",
      "integrity": "sha512-ElfOy+BMZbQuivo8Qp+A2Gz6N06ZUHEk+q67O0zgTRU5d+n2rvbfX0w2jyo7B/F+zPJAXq/J1SHaG9ghbhWAPQ==",
      "engines": {
        "node": ">=v4.2.1"
      }
    }
  },
  "dependencies": {
    "email-js": {
      "version": "2.0.2",
      "resolved": "https://registry.npmjs.org/email-js/-/email-js-2.0.2.tgz",
      "integrity": "sha512-ElfOy+BMZbQuivo8Qp+A2Gz6N06ZUHEk+q67O0zgTRU5d+n2rvbfX0w2jyo7B/F+zPJAXq/J1SHaG9ghbhWAPQ=="
    }
  }
}
